
Microsoft Visual Studio Solution File, Format Version 12.00
# Visual Studio 15
VisualStudioVersion = 15.0.28010.2050
MinimumVisualStudioVersion = 10.0.40219.1
Project("{FAE04EC0-301F-11D3-BF4B-00C04F79EFBC}") = "bonus2", "bonus2\bonus2.csproj", "{61303CAB-76DF-4B66-B441-57488E3D3CEE}"
EndProject
Global
	GlobalSection(SolutionConfigurationPlatforms) = preSolution
		Debug|Any CPU = Debug|Any CPU
		Release|Any CPU = Release|Any CPU
	EndGlobalSection
	GlobalSection(ProjectConfigurationPlatforms) = postSolution
		{61303CAB-76DF-4B66-B441-57488E3D3CEE}.Debug|Any CPU.ActiveCfg = Debug|Any CPU
		{61303CAB-76DF-4B66-B441-57488E3D3CEE}.Debug|Any CPU.Build.0 = Debug|Any CPU
		{61303CAB-76DF-4B66-B441-57488E3D3CEE}.Release|Any CPU.ActiveCfg = Release|Any CPU
		{61303CAB-76DF-4B66-B441-57488E3D3CEE}.Release|Any CPU.Build.0 = Release|Any CPU
	EndGlobalSection
	GlobalSection(SolutionProperties) = preSolution
		HideSolutionNode = FALSE
	EndGlobalSection
	GlobalSection(ExtensibilityGlobals) = postSolution
		SolutionGuid = {58B8AAA8-E94C-4531-8C4A-E3925E66D54F}
	EndGlobalSection
EndGlobal
